// !$*UTF8*$!
{
	archiveVersion = 1;
	classes = {
	};
	objectVersion = 55;
	objects = {

/* Begin PBXBuildFile section */
		9E00B798280EB3EB003F43B7 /* AppDelegate.swift in Sources */ = {isa = PBXBuildFile; fileRef = 9E00B797280EB3EB003F43B7 /* AppDelegate.swift */; };
		9E00B79A280EB3EB003F43B7 /* SceneDelegate.swift in Sources */ = {isa = PBXBuildFile; fileRef = 9E00B799280EB3EB003F43B7 /* SceneDelegate.swift */; };
		9E00B79C280EB3EB003F43B7 /* ViewController.swift in Sources */ = {isa = PBXBuildFile; fileRef = 9E00B79B280EB3EB003F43B7 /* ViewController.swift */; };
		9E00B79F280EB3EB003F43B7 /* Main.storyboard in Resources */ = {isa = PBXBuildFile; fileRef = 9E00B79D280EB3EB003F43B7 /* Main.storyboard */; };
		9E00B7A1280EB3F0003F43B7 /* Assets.xcassets in Resources */ = {isa = PBXBuildFile; fileRef = 9E00B7A0280EB3F0003F43B7 /* Assets.xcassets */; };
		9E00B7A4280EB3F0003F43B7 /* LaunchScreen.storyboard in Resources */ = {isa = PBXBuildFile; fileRef = 9E00B7A2280EB3F0003F43B7 /* LaunchScreen.storyboard */; };
		9E00B7AF280EB3F0003F43B7 /* Github_ViewerTests.swift in Sources */ = {isa = PBXBuildFile; fileRef = 9E00B7AE280EB3F0003F43B7 /* Github_ViewerTests.swift */; };
		9E00B7B9280EB3F0003F43B7 /* Github_ViewerUITests.swift in Sources */ = {isa = PBXBuildFile; fileRef = 9E00B7B8280EB3F0003F43B7 /* Github_ViewerUITests.swift */; };
		9E00B7BB280EB3F0003F43B7 /* Github_ViewerUITestsLaunchTests.swift in Sources */ = {isa = PBXBuildFile; fileRef = 9E00B7BA280EB3F0003F43B7 /* Github_ViewerUITestsLaunchTests.swift */; };
/* End PBXBuildFile section */

/* Begin PBXContainerItemProxy section */
		9E00B7AB280EB3F0003F43B7 /* PBXContainerItemProxy */ = {
			isa = PBXContainerItemProxy;
			containerPortal = 9E00B78C280EB3EB003F43B7 /* Project object */;
			proxyType = 1;
			remoteGlobalIDString = 9E00B793280EB3EB003F43B7;
			remoteInfo = "Github Viewer";
		};
		9E00B7B5280EB3F0003F43B7 /* PBXContainerItemProxy */ = {
			isa = PBXContainerItemProxy;
			containerPortal = 9E00B78C280EB3EB003F43B7 /* Project object */;
			proxyType = 1;
			remoteGlobalIDString = 9E00B793280EB3EB003F43B7;
			remoteInfo = "Github Viewer";
		};
/* End PBXContainerItemProxy section */

/* Begin PBXFileReference section */
		9E00B794280EB3EB003F43B7 /* Github Viewer.app */ = {isa = PBXFileReference; explicitFileType = wrapper.application; includeInIndex = 0; path = "Github Viewer.app"; sourceTree = BUILT_PRODUCTS_DIR; };
		9E00B797280EB3EB003F43B7 /* AppDelegate.swift */ = {isa = PBXFileReference; lastKnownFileType = sourcecode.swift; path = AppDelegate.swift; sourceTree = "<group>"; };
		9E00B799280EB3EB003F43B7 /* SceneDelegate.swift */ = {isa = PBXFileReference; lastKnownFileType = sourcecode.swift; path = SceneDelegate.swift; sourceTree = "<group>"; };
		9E00B79B280EB3EB003F43B7 /* ViewController.swift */ = {isa = PBXFileReference; lastKnownFileType = sourcecode.swift; path = ViewController.swift; sourceTree = "<group>"; };
		9E00B79E280EB3EB003F43B7 /* Base */ = {isa = PBXFileReference; lastKnownFileType = file.storyboard; name = Base; path = Base.lproj/Main.storyboard; sourceTree = "<group>"; };
		9E00B7A0280EB3F0003F43B7 /* Assets.xcassets */ = {isa = PBXFileReference; lastKnownFileType = folder.assetcatalog; path = Assets.xcassets; sourceTree = "<group>"; };
		9E00B7A3280EB3F0003F43B7 /* Base */ = {isa = PBXFileReference; lastKnownFileType = file.storyboard; name = Base; path = Base.lproj/LaunchScreen.storyboard; sourceTree = "<group>"; };
		9E00B7A5280EB3F0003F43B7 /* Info.plist */ = {isa = PBXFileReference; lastKnownFileType = text.plist.xml; path = Info.plist; sourceTree = "<group>"; };
		9E00B7AA280EB3F0003F43B7 /* Github ViewerTests.xctest */ = {isa = PBXFileReference; explicitFileType = wrapper.cfbundle; includeInIndex = 0; path = "Github ViewerTests.xctest"; sourceTree = BUILT_PRODUCTS_DIR; };
		9E00B7AE280EB3F0003F43B7 /* Github_ViewerTests.swift */ = {isa = PBXFileReference; lastKnownFileType = sourcecode.swift; path = Github_ViewerTests.swift; sourceTree = "<group>"; };
		9E00B7B4280EB3F0003F43B7 /* Github ViewerUITests.xctest */ = {isa = PBXFileReference; explicitFileType = wrapper.cfbundle; includeInIndex = 0; path = "Github ViewerUITests.xctest"; sourceTree = BUILT_PRODUCTS_DIR; };
		9E00B7B8280EB3F0003F43B7 /* Github_ViewerUITests.swift */ = {isa = PBXFileReference; lastKnownFileType = sourcecode.swift; path = Github_ViewerUITests.swift; sourceTree = "<group>"; };
		9E00B7BA280EB3F0003F43B7 /* Github_ViewerUITestsLaunchTests.swift */ = {isa = PBXFileReference; lastKnownFileType = sourcecode.swift; path = Github_ViewerUITestsLaunchTests.swift; sourceTree = "<group>"; };
/* End PBXFileReference section */

/* Begin PBXFrameworksBuildPhase section */
		9E00B791280EB3EB003F43B7 /* Frameworks */ = {
			isa = PBXFrameworksBuildPhase;
			buildActionMask = 2147483647;
			files = (
			);
			runOnlyForDeploymentPostprocessing = 0;
		};
		9E00B7A7280EB3F0003F43B7 /* Frameworks */ = {
			isa = PBXFrameworksBuildPhase;
			buildActionMask = 2147483647;
			files = (
			);
			runOnlyForDeploymentPostprocessing = 0;
		};
		9E00B7B1280EB3F0003F43B7 /* Frameworks */ = {
			isa = PBXFrameworksBuildPhase;
			buildActionMask = 2147483647;
			files = (
			);
			runOnlyForDeploymentPostprocessing = 0;
		};
/* End PBXFrameworksBuildPhase section */

/* Begin PBXGroup section */
		9E00B78B280EB3EB003F43B7 = {
			isa = PBXGroup;
			children = (
				9E00B796280EB3EB003F43B7 /* Github Viewer */,
				9E00B7AD280EB3F0003F43B7 /* Github ViewerTests */,
				9E00B7B7280EB3F0003F43B7 /* Github ViewerUITests */,
				9E00B795280EB3EB003F43B7 /* Products */,
			);
			sourceTree = "<group>";
		};
		9E00B795280EB3EB003F43B7 /* Products */ = {
			isa = PBXGroup;
			children = (
				9E00B794280EB3EB003F43B7 /* Github Viewer.app */,
				9E00B7AA280EB3F0003F43B7 /* Github ViewerTests.xctest */,
				9E00B7B4280EB3F0003F43B7 /* Github ViewerUITests.xctest */,
			);
			name = Products;
			sourceTree = "<group>";
		};
		9E00B796280EB3EB003F43B7 /* Github Viewer */ = {
			isa = PBXGroup;
			children = (
				9E00B797280EB3EB003F43B7 /* AppDelegate.swift */,
				9E00B799280EB3EB003F43B7 /* SceneDelegate.swift */,
				9E00B79B280EB3EB003F43B7 /* ViewController.swift */,
				9E00B79D280EB3EB003F43B7 /* Main.storyboard */,
				9E00B7A0280EB3F0003F43B7 /* Assets.xcassets */,
				9E00B7A2280EB3F0003F43B7 /* LaunchScreen.storyboard */,
				9E00B7A5280EB3F0003F43B7 /* Info.plist */,
			);
			path = "Github Viewer";
			sourceTree = "<group>";
		};
		9E00B7AD280EB3F0003F43B7 /* Github ViewerTests */ = {
			isa = PBXGroup;
			children = (
				9E00B7AE280EB3F0003F43B7 /* Github_ViewerTests.swift */,
			);
			path = "Github ViewerTests";
			sourceTree = "<group>";
		};
		9E00B7B7280EB3F0003F43B7 /* Github ViewerUITests */ = {
			isa = PBXGroup;
			children = (
				9E00B7B8280EB3F0003F43B7 /* Github_ViewerUITests.swift */,
				9E00B7BA280EB3F0003F43B7 /* Github_ViewerUITestsLaunchTests.swift */,
			);
			path = "Github ViewerUITests";
			sourceTree = "<group>";
		};
/* End PBXGroup section */

/* Begin PBXNativeTarget section */
		9E00B793280EB3EB003F43B7 /* Github Viewer */ = {
			isa = PBXNativeTarget;
			buildConfigurationList = 9E00B7BE280EB3F0003F43B7 /* Build configuration list for PBXNativeTarget "Github Viewer" */;
			buildPhases = (
				9E00B790280EB3EB003F43B7 /* Sources */,
				9E00B791280EB3EB003F43B7 /* Frameworks */,
				9E00B792280EB3EB003F43B7 /* Resources */,
			);
			buildRules = (
			);
			dependencies = (
			);
			name = "Github Viewer";
			productName = "Github Viewer";
			productReference = 9E00B794280EB3EB003F43B7 /* Github Viewer.app */;
			productType = "com.apple.product-type.application";
		};
		9E00B7A9280EB3F0003F43B7 /* Github ViewerTests */ = {
			isa = PBXNativeTarget;
			buildConfigurationList = 9E00B7C1280EB3F0003F43B7 /* Build configuration list for PBXNativeTarget "Github ViewerTests" */;
			buildPhases = (
				9E00B7A6280EB3F0003F43B7 /* Sources */,
				9E00B7A7280EB3F0003F43B7 /* Frameworks */,
				9E00B7A8280EB3F0003F43B7 /* Resources */,
			);
			buildRules = (
			);
			dependencies = (
				9E00B7AC280EB3F0003F43B7 /* PBXTargetDependency */,
			);
			name = "Github ViewerTests";
			productName = "Github ViewerTests";
			productReference = 9E00B7AA280EB3F0003F43B7 /* Github ViewerTests.xctest */;
			productType = "com.apple.product-type.bundle.unit-test";
		};
		9E00B7B3280EB3F0003F43B7 /* Github ViewerUITests */ = {
			isa = PBXNativeTarget;
			buildConfigurationList = 9E00B7C4280EB3F0003F43B7 /* Build configuration list for PBXNativeTarget "Github ViewerUITests" */;
			buildPhases = (
				9E00B7B0280EB3F0003F43B7 /* Sources */,
				9E00B7B1280EB3F0003F43B7 /* Frameworks */,
				9E00B7B2280EB3F0003F43B7 /* Resources */,
			);
			buildRules = (
			);
			dependencies = (
				9E00B7B6280EB3F0003F43B7 /* PBXTargetDependency */,
			);
			name = "Github ViewerUITests";
			productName = "Github ViewerUITests";
			productReference = 9E00B7B4280EB3F0003F43B7 /* Github ViewerUITests.xctest */;
			productType = "com.apple.product-type.bundle.ui-testing";
		};
/* End PBXNativeTarget section */

/* Begin PBXProject section */
		9E00B78C280EB3EB003F43B7 /* Project object */ = {
			isa = PBXProject;
			attributes = {
				BuildIndependentTargetsInParallel = 1;
				LastSwiftUpdateCheck = 1330;
				LastUpgradeCheck = 1330;
				TargetAttributes = {
					9E00B793280EB3EB003F43B7 = {
						CreatedOnToolsVersion = 13.3.1;
					};
					9E00B7A9280EB3F0003F43B7 = {
						CreatedOnToolsVersion = 13.3.1;
						TestTargetID = 9E00B793280EB3EB003F43B7;
					};
					9E00B7B3280EB3F0003F43B7 = {
						CreatedOnToolsVersion = 13.3.1;
						TestTargetID = 9E00B793280EB3EB003F43B7;
					};
				};
			};
			buildConfigurationList = 9E00B78F280EB3EB003F43B7 /* Build configuration list for PBXProject "Github Viewer" */;
			compatibilityVersion = "Xcode 13.0";
			developmentRegion = en;
			hasScannedForEncodings = 0;
			knownRegions = (
				en,
				Base,
			);
			mainGroup = 9E00B78B280EB3EB003F43B7;
			productRefGroup = 9E00B795280EB3EB003F43B7 /* Products */;
			projectDirPath = "";
			projectRoot = "";
			targets = (
				9E00B793280EB3EB003F43B7 /* Github Viewer */,
				9E00B7A9280EB3F0003F43B7 /* Github ViewerTests */,
				9E00B7B3280EB3F0003F43B7 /* Github ViewerUITests */,
			);
		};
/* End PBXProject section */

/* Begin PBXResourcesBuildPhase section */
		9E00B792280EB3EB003F43B7 /* Resources */ = {
			isa = PBXResourcesBuildPhase;
			buildActionMask = 2147483647;
			files = (
				9E00B7A4280EB3F0003F43B7 /* LaunchScreen.storyboard in Resources */,
				9E00B7A1280EB3F0003F43B7 /* Assets.xcassets in Resources */,
				9E00B79F280EB3EB003F43B7 /* Main.storyboard in Resources */,
			);
			runOnlyForDeploymentPostprocessing = 0;
		};
		9E00B7A8280EB3F0003F43B7 /* Resources */ = {
			isa = PBXResourcesBuildPhase;
			buildActionMask = 2147483647;
			files = (
			);
			runOnlyForDeploymentPostprocessing = 0;
		};
		9E00B7B2280EB3F0003F43B7 /* Resources */ = {
			isa = PBXResourcesBuildPhase;
			buildActionMask = 2147483647;
			files = (
			);
			runOnlyForDeploymentPostprocessing = 0;
		};
/* End PBXResourcesBuildPhase section */

/* Begin PBXSourcesBuildPhase section */
		9E00B790280EB3EB003F43B7 /* Sources */ = {
			isa = PBXSourcesBuildPhase;
			buildActionMask = 2147483647;
			files = (
				9E00B79C280EB3EB003F43B7 /* ViewController.swift in Sources */,
				9E00B798280EB3EB003F43B7 /* AppDelegate.swift in Sources */,
				9E00B79A280EB3EB003F43B7 /* SceneDelegate.swift in Sources */,
			);
			runOnlyForDeploymentPostprocessing = 0;
		};
		9E00B7A6280EB3F0003F43B7 /* Sources */ = {
			isa = PBXSourcesBuildPhase;
			buildActionMask = 2147483647;
			files = (
				9E00B7AF280EB3F0003F43B7 /* Github_ViewerTests.swift in Sources */,
			);
			runOnlyForDeploymentPostprocessing = 0;
		};
		9E00B7B0280EB3F0003F43B7 /* Sources */ = {
			isa = PBXSourcesBuildPhase;
			buildActionMask = 2147483647;
			files = (
				9E00B7B9280EB3F0003F43B7 /* Github_ViewerUITests.swift in Sources */,
				9E00B7BB280EB3F0003F43B7 /* Github_ViewerUITestsLaunchTests.swift in Sources */,
			);
			runOnlyForDeploymentPostprocessing = 0;
		};
/* End PBXSourcesBuildPhase section */

/* Begin PBXTargetDependency section */
		9E00B7AC280EB3F0003F43B7 /* PBXTargetDependency */ = {
			isa = PBXTargetDependency;
			target = 9E00B793280EB3EB003F43B7 /* Github Viewer */;
			targetProxy = 9E00B7AB280EB3F0003F43B7 /* PBXContainerItemProxy */;
		};
		9E00B7B6280EB3F0003F43B7 /* PBXTargetDependency */ = {
			isa = PBXTargetDependency;
			target = 9E00B793280EB3EB003F43B7 /* Github Viewer */;
			targetProxy = 9E00B7B5280EB3F0003F43B7 /* PBXContainerItemProxy */;
		};
/* End PBXTargetDependency section */

/* Begin PBXVariantGroup section */
		9E00B79D280EB3EB003F43B7 /* Main.storyboard */ = {
			isa = PBXVariantGroup;
			children = (
				9E00B79E280EB3EB003F43B7 /* Base */,
			);
			name = Main.storyboard;
			sourceTree = "<group>";
		};
		9E00B7A2280EB3F0003F43B7 /* LaunchScreen.storyboard */ = {
			isa = PBXVariantGroup;
			children = (
				9E00B7A3280EB3F0003F43B7 /* Base */,
			);
			name = LaunchScreen.storyboard;
			sourceTree = "<group>";
		};
/* End PBXVariantGroup section */

/* Begin XCBuildConfiguration section */
		9E00B7BC280EB3F0003F43B7 /* Debug */ = {
			isa = XCBuildConfiguration;
			buildSettings = {
				ALWAYS_SEARCH_USER_PATHS = NO;
				CLANG_ANALYZER_NONNULL = YES;
				CLANG_ANALYZER_NUMBER_OBJECT_CONVERSION = YES_AGGRESSIVE;
				CLANG_CXX_LANGUAGE_STANDARD = "gnu++17";
				CLANG_ENABLE_MODULES = YES;
				CLANG_ENABLE_OBJC_ARC = YES;
				CLANG_ENABLE_OBJC_WEAK = YES;
				CLANG_WARN_BLOCK_CAPTURE_AUTORELEASING = YES;
				CLANG_WARN_BOOL_CONVERSION = YES;
				CLANG_WARN_COMMA = YES;
				CLANG_WARN_CONSTANT_CONVERSION = YES;
				CLANG_WARN_DEPRECATED_OBJC_IMPLEMENTATIONS = YES;
				CLANG_WARN_DIRECT_OBJC_ISA_USAGE = YES_ERROR;
				CLANG_WARN_DOCUMENTATION_COMMENTS = YES;
				CLANG_WARN_EMPTY_BODY = YES;
				CLANG_WARN_ENUM_CONVERSION = YES;
				CLANG_WARN_INFINITE_RECURSION = YES;
				CLANG_WARN_INT_CONVERSION = YES;
				CLANG_WARN_NON_LITERAL_NULL_CONVERSION = YES;
				CLANG_WARN_OBJC_IMPLICIT_RETAIN_SELF = YES;
				CLANG_WARN_OBJC_LITERAL_CONVERSION = YES;
				CLANG_WARN_OBJC_ROOT_CLASS = YES_ERROR;
				CLANG_WARN_QUOTED_INCLUDE_IN_FRAMEWORK_HEADER = YES;
				CLANG_WARN_RANGE_LOOP_ANALYSIS = YES;
				CLANG_WARN_STRICT_PROTOTYPES = YES;
				CLANG_WARN_SUSPICIOUS_MOVE = YES;
				CLANG_WARN_UNGUARDED_AVAILABILITY = YES_AGGRESSIVE;
				CLANG_WARN_UNREACHABLE_CODE = YES;
				CLANG_WARN__DUPLICATE_METHOD_MATCH = YES;
				COPY_PHASE_STRIP = NO;
				DEBUG_INFORMATION_FORMAT = dwarf;
				ENABLE_STRICT_OBJC_MSGSEND = YES;
				ENABLE_TESTABILITY = YES;
				GCC_C_LANGUAGE_STANDARD = gnu11;
				GCC_DYNAMIC_NO_PIC = NO;
				GCC_NO_COMMON_BLOCKS = YES;
				GCC_OPTIMIZATION_LEVEL = 0;
				GCC_PREPROCESSOR_DEFINITIONS = (
					"DEBUG=1",
					"$(inherited)",
				);
				GCC_WARN_64_TO_32_BIT_CONVERSION = YES;
				GCC_WARN_ABOUT_RETURN_TYPE = YES_ERROR;
				GCC_WARN_UNDECLARED_SELECTOR = YES;
				GCC_WARN_UNINITIALIZED_AUTOS = YES_AGGRESSIVE;
				GCC_WARN_UNUSED_FUNCTION = YES;
				GCC_WARN_UNUSED_VARIABLE = YES;
				IPHONEOS_DEPLOYMENT_TARGET = 15.4;
				MTL_ENABLE_DEBUG_INFO = INCLUDE_SOURCE;
				MTL_FAST_MATH = YES;
				ONLY_ACTIVE_ARCH = YES;
				SDKROOT = iphoneos;
				SWIFT_ACTIVE_COMPILATION_CONDITIONS = DEBUG;
				SWIFT_OPTIMIZATION_LEVEL = "-Onone";
			};
			name = Debug;
		};
		9E00B7BD280EB3F0003F43B7 /* Release */ = {
			isa = XCBuildConfiguration;
			buildSettings = {
				ALWAYS_SEARCH_USER_PATHS = NO;
				CLANG_ANALYZER_NONNULL = YES;
				CLANG_ANALYZER_NUMBER_OBJECT_CONVERSION = YES_AGGRESSIVE;
				CLANG_CXX_LANGUAGE_STANDARD = "gnu++17";
				CLANG_ENABLE_MODULES = YES;
				CLANG_ENABLE_OBJC_ARC = YES;
				CLANG_ENABLE_OBJC_WEAK = YES;
				CLANG_WARN_BLOCK_CAPTURE_AUTORELEASING = YES;
				CLANG_WARN_BOOL_CONVERSION = YES;
				CLANG_WARN_COMMA = YES;
				CLANG_WARN_CONSTANT_CONVERSION = YES;
				CLANG_WARN_DEPRECATED_OBJC_IMPLEMENTATIONS = YES;
				CLANG_WARN_DIRECT_OBJC_ISA_USAGE = YES_ERROR;
				CLANG_WARN_DOCUMENTATION_COMMENTS = YES;
				CLANG_WARN_EMPTY_BODY = YES;
				CLANG_WARN_ENUM_CONVERSION = YES;
				CLANG_WARN_INFINITE_RECURSION = YES;
				CLANG_WARN_INT_CONVERSION = YES;
				CLANG_WARN_NON_LITERAL_NULL_CONVERSION = YES;
				CLANG_WARN_OBJC_IMPLICIT_RETAIN_SELF = YES;
				CLANG_WARN_OBJC_LITERAL_CONVERSION = YES;
				CLANG_WARN_OBJC_ROOT_CLASS = YES_ERROR;
				CLANG_WARN_QUOTED_INCLUDE_IN_FRAMEWORK_HEADER = YES;
				CLANG_WARN_RANGE_LOOP_ANALYSIS = YES;
				CLANG_WARN_STRICT_PROTOTYPES = YES;
				CLANG_WARN_SUSPICIOUS_MOVE = YES;
				CLANG_WARN_UNGUARDED_AVAILABILITY = YES_AGGRESSIVE;
				CLANG_WARN_UNREACHABLE_CODE = YES;
				CLANG_WARN__DUPLICATE_METHOD_MATCH = YES;
				COPY_PHASE_STRIP = NO;
				DEBUG_INFORMATION_FORMAT = "dwarf-with-dsym";
				ENABLE_NS_ASSERTIONS = NO;
				ENABLE_STRICT_OBJC_MSGSEND = YES;
				GCC_C_LANGUAGE_STANDARD = gnu11;
				GCC_NO_COMMON_BLOCKS = YES;
				GCC_WARN_64_TO_32_BIT_CONVERSION = YES;
				GCC_WARN_ABOUT_RETURN_TYPE = YES_ERROR;
				GCC_WARN_UNDECLARED_SELECTOR = YES;
				GCC_WARN_UNINITIALIZED_AUTOS = YES_AGGRESSIVE;
				GCC_WARN_UNUSED_FUNCTION = YES;
				GCC_WARN_UNUSED_VARIABLE = YES;
				IPHONEOS_DEPLOYMENT_TARGET = 15.4;
				MTL_ENABLE_DEBUG_INFO = NO;
				MTL_FAST_MATH = YES;
				SDKROOT = iphoneos;
				SWIFT_COMPILATION_MODE = wholemodule;
				SWIFT_OPTIMIZATION_LEVEL = "-O";
				VALIDATE_PRODUCT = YES;
			};
			name = Release;
		};
		9E00B7BF280EB3F0003F43B7 /* Debug */ = {
			isa = XCBuildConfiguration;
			buildSettings = {
				ASSETCATALOG_COMPILER_APPICON_NAME = AppIcon;
				ASSETCATALOG_COMPILER_GLOBAL_ACCENT_COLOR_NAME = AccentColor;
				CODE_SIGN_STYLE = Automatic;
				CURRENT_PROJECT_VERSION = 1;
				DEVELOPMENT_TEAM = GJ7853G9Y2;
				GENERATE_INFOPLIST_FILE = YES;
				INFOPLIST_FILE = "Github Viewer/Info.plist";
				INFOPLIST_KEY_UIApplicationSupportsIndirectInputEvents = YES;
				INFOPLIST_KEY_UILaunchStoryboardName = LaunchScreen;
				INFOPLIST_KEY_UIMainStoryboardFile = Main;
				INFOPLIST_KEY_UISupportedInterfaceOrientations_iPad = "UIInterfaceOrientationPortrait UIInterfaceOrientationPortraitUpsideDown UIInterfaceOrientationLandscapeLeft UIInterfaceOrientationLandscapeRight";
				INFOPLIST_KEY_UISupportedInterfaceOrientations_iPhone = "UIInterfaceOrientationPortrait UIInterfaceOrientationLandscapeLeft UIInterfaceOrientationLandscapeRight";
				LD_RUNPATH_SEARCH_PATHS = (
					"$(inherited)",
					"@executable_path/Frameworks",
				);
				MARKETING_VERSION = 1.0;
				PRODUCT_BUNDLE_IDENTIFIER = "com.sakaikazuki.Github-Viewer";
				PRODUCT_NAME = "$(TARGET_NAME)";
				SWIFT_EMIT_LOC_STRINGS = YES;
				SWIFT_VERSION = 5.0;
				TARGETED_DEVICE_FAMILY = "1,2";
			};
			name = Debug;
		};
		9E00B7C0280EB3F0003F43B7 /* Release */ = {
			isa = XCBuildConfiguration;
			buildSettings = {
				ASSETCATALOG_COMPILER_APPICON_NAME = AppIcon;
				ASSETCATALOG_COMPILER_GLOBAL_ACCENT_COLOR_NAME = AccentColor;
				CODE_SIGN_STYLE = Automatic;
				CURRENT_PROJECT_VERSION = 1;
				DEVELOPMENT_TEAM = GJ7853G9Y2;
				GENERATE_INFOPLIST_FILE = YES;
				INFOPLIST_FILE = "Github Viewer/Info.plist";
				INFOPLIST_KEY_UIApplicationSupportsIndirectInputEvents = YES;
				INFOPLIST_KEY_UILaunchStoryboardName = LaunchScreen;
				INFOPLIST_KEY_UIMainStoryboardFile = Main;
				INFOPLIST_KEY_UISupportedInterfaceOrientations_iPad = "UIInterfaceOrientationPortrait UIInterfaceOrientationPortraitUpsideDown UIInterfaceOrientationLandscapeLeft UIInterfaceOrientationLandscapeRight";
				INFOPLIST_KEY_UISupportedInterfaceOrientations_iPhone = "UIInterfaceOrientationPortrait UIInterfaceOrientationLandscapeLeft UIInterfaceOrientationLandscapeRight";
				LD_RUNPATH_SEARCH_PATHS = (
					"$(inherited)",
					"@executable_path/Frameworks",
				);
				MARKETING_VERSION = 1.0;
				PRODUCT_BUNDLE_IDENTIFIER = "com.sakaikazuki.Github-Viewer";
				PRODUCT_NAME = "$(TARGET_NAME)";
				SWIFT_EMIT_LOC_STRINGS = YES;
				SWIFT_VERSION = 5.0;
				TARGETED_DEVICE_FAMILY = "1,2";
			};
			name = Release;
		};
		9E00B7C2280EB3F0003F43B7 /* Debug */ = {
			isa = XCBuildConfiguration;
			buildSettings = {
				ALWAYS_EMBED_SWIFT_STANDARD_LIBRARIES = YES;
				BUNDLE_LOADER = "$(TEST_HOST)";
				CODE_SIGN_STYLE = Automatic;
				CURRENT_PROJECT_VERSION = 1;
				DEVELOPMENT_TEAM = GJ7853G9Y2;
				GENERATE_INFOPLIST_FILE = YES;
				IPHONEOS_DEPLOYMENT_TARGET = 15.4;
				MARKETING_VERSION = 1.0;
				PRODUCT_BUNDLE_IDENTIFIER = "com.sakaikazuki.Github-ViewerTests";
				PRODUCT_NAME = "$(TARGET_NAME)";
				SWIFT_EMIT_LOC_STRINGS = NO;
				SWIFT_VERSION = 5.0;
				TARGETED_DEVICE_FAMILY = "1,2";
				TEST_HOST = "$(BUILT_PRODUCTS_DIR)/Github Viewer.app/Github Viewer";
			};
			name = Debug;
		};
		9E00B7C3280EB3F0003F43B7 /* Release */ = {
			isa = XCBuildConfiguration;
			buildSettings = {
				ALWAYS_EMBED_SWIFT_STANDARD_LIBRARIES = YES;
				BUNDLE_LOADER = "$(TEST_HOST)";
				CODE_SIGN_STYLE = Automatic;
				CURRENT_PROJECT_VERSION = 1;
				DEVELOPMENT_TEAM = GJ7853G9Y2;
				GENERATE_INFOPLIST_FILE = YES;
				IPHONEOS_DEPLOYMENT_TARGET = 15.4;
				MARKETING_VERSION = 1.0;
				PRODUCT_BUNDLE_IDENTIFIER = "com.sakaikazuki.Github-ViewerTests";
				PRODUCT_NAME = "$(TARGET_NAME)";
				SWIFT_EMIT_LOC_STRINGS = NO;
				SWIFT_VERSION = 5.0;
				TARGETED_DEVICE_FAMILY = "1,2";
				TEST_HOST = "$(BUILT_PRODUCTS_DIR)/Github Viewer.app/Github Viewer";
			};
			name = Release;
		};
		9E00B7C5280EB3F0003F43B7 /* Debug */ = {
			isa = XCBuildConfiguration;
			buildSettings = {
				ALWAYS_EMBED_SWIFT_STANDARD_LIBRARIES = YES;
				CODE_SIGN_STYLE = Automatic;
				CURRENT_PROJECT_VERSION = 1;
				DEVELOPMENT_TEAM = GJ7853G9Y2;
				GENERATE_INFOPLIST_FILE = YES;
				MARKETING_VERSION = 1.0;
				PRODUCT_BUNDLE_IDENTIFIER = "com.sakaikazuki.Github-ViewerUITests";
				PRODUCT_NAME = "$(TARGET_NAME)";
				SWIFT_EMIT_LOC_STRINGS = NO;
				SWIFT_VERSION = 5.0;
				TARGETED_DEVICE_FAMILY = "1,2";
				TEST_TARGET_NAME = "Github Viewer";
			};
			name = Debug;
		};
		9E00B7C6280EB3F0003F43B7 /* Release */ = {
			isa = XCBuildConfiguration;
			buildSettings = {
				ALWAYS_EMBED_SWIFT_STANDARD_LIBRARIES = YES;
				CODE_SIGN_STYLE = Automatic;
				CURRENT_PROJECT_VERSION = 1;
				DEVELOPMENT_TEAM = GJ7853G9Y2;
				GENERATE_INFOPLIST_FILE = YES;
				MARKETING_VERSION = 1.0;
				PRODUCT_BUNDLE_IDENTIFIER = "com.sakaikazuki.Github-ViewerUITests";
				PRODUCT_NAME = "$(TARGET_NAME)";
				SWIFT_EMIT_LOC_STRINGS = NO;
				SWIFT_VERSION = 5.0;
				TARGETED_DEVICE_FAMILY = "1,2";
				TEST_TARGET_NAME = "Github Viewer";
			};
			name = Release;
		};
/* End XCBuildConfiguration section */

/* Begin XCConfigurationList section */
		9E00B78F280EB3EB003F43B7 /* Build configuration list for PBXProject "Github Viewer" */ = {
			isa = XCConfigurationList;
			buildConfigurations = (
				9E00B7BC280EB3F0003F43B7 /* Debug */,
				9E00B7BD280EB3F0003F43B7 /* Release */,
			);
			defaultConfigurationIsVisible = 0;
			defaultConfigurationName = Release;
		};
		9E00B7BE280EB3F0003F43B7 /* Build configuration list for PBXNativeTarget "Github Viewer" */ = {
			isa = XCConfigurationList;
			buildConfigurations = (
				9E00B7BF280EB3F0003F43B7 /* Debug */,
				9E00B7C0280EB3F0003F43B7 /* Release */,
			);
			defaultConfigurationIsVisible = 0;
			defaultConfigurationName = Release;
		};
		9E00B7C1280EB3F0003F43B7 /* Build configuration list for PBXNativeTarget "Github ViewerTests" */ = {
			isa = XCConfigurationList;
			buildConfigurations = (
				9E00B7C2280EB3F0003F43B7 /* Debug */,
				9E00B7C3280EB3F0003F43B7 /* Release */,
			);
			defaultConfigurationIsVisible = 0;
			defaultConfigurationName = Release;
		};
		9E00B7C4280EB3F0003F43B7 /* Build configuration list for PBXNativeTarget "Github ViewerUITests" */ = {
			isa = XCConfigurationList;
			buildConfigurations = (
				9E00B7C5280EB3F0003F43B7 /* Debug */,
				9E00B7C6280EB3F0003F43B7 /* Release */,
			);
			defaultConfigurationIsVisible = 0;
			defaultConfigurationName = Release;
		};
/* End XCConfigurationList section */
	};
	rootObject = 9E00B78C280EB3EB003F43B7 /* Project object */;
}
